
Microsoft Visual Studio Solution File, Format Version 12.00
# Visual Studio Version 16
VisualStudioVersion = 16.0.28729.10
MinimumVisualStudioVersion = 10.0.40219.1
Project("{FAE04EC0-301F-11D3-BF4B-00C04F79EFBC}") = "MVPConf.CheckIn", "MVPConf.CheckIn\MVPConf.CheckIn\MVPConf.CheckIn.csproj", "{7477F2D7-CB28-4657-A11A-D84F6767C853}"
EndProject
Project("{FAE04EC0-301F-11D3-BF4B-00C04F79EFBC}") = "MVPConf.CheckIn.Android", "MVPConf.CheckIn\MVPConf.CheckIn.Android\MVPConf.CheckIn.Android.csproj", "{9724DA5A-ED1A-4684-8623-2B6654218C6A}"
EndProject
Global
	GlobalSection(SolutionConfigurationPlatforms) = preSolution
		Debug|Any CPU = Debug|Any CPU
		Release|Any CPU = Release|Any CPU
	EndGlobalSection
	GlobalSection(ProjectConfigurationPlatforms) = postSolution
		{7477F2D7-CB28-4657-A11A-D84F6767C853}.Debug|Any CPU.ActiveCfg = Debug|Any CPU
		{7477F2D7-CB28-4657-A11A-D84F6767C853}.Debug|Any CPU.Build.0 = Debug|Any CPU
		{7477F2D7-CB28-4657-A11A-D84F6767C853}.Release|Any CPU.ActiveCfg = Release|Any CPU
		{7477F2D7-CB28-4657-A11A-D84F6767C853}.Release|Any CPU.Build.0 = Release|Any CPU
		{9724DA5A-ED1A-4684-8623-2B6654218C6A}.Debug|Any CPU.ActiveCfg = Debug|Any CPU
		{9724DA5A-ED1A-4684-8623-2B6654218C6A}.Debug|Any CPU.Build.0 = Debug|Any CPU
		{9724DA5A-ED1A-4684-8623-2B6654218C6A}.Debug|Any CPU.Deploy.0 = Debug|Any CPU
		{9724DA5A-ED1A-4684-8623-2B6654218C6A}.Release|Any CPU.ActiveCfg = Release|Any CPU
		{9724DA5A-ED1A-4684-8623-2B6654218C6A}.Release|Any CPU.Build.0 = Release|Any CPU
		{9724DA5A-ED1A-4684-8623-2B6654218C6A}.Release|Any CPU.Deploy.0 = Release|Any CPU
	EndGlobalSection
	GlobalSection(SolutionProperties) = preSolution
		HideSolutionNode = FALSE
	EndGlobalSection
	GlobalSection(ExtensibilityGlobals) = postSolution
		SolutionGuid = {E84CC107-EC57-462D-B94A-C1A7A8D58540}
	EndGlobalSection
EndGlobal
